
Microsoft Visual Studio Solution File, Format Version 12.00
# Visual Studio Version 17
VisualStudioVersion = 17.0.31903.59
MinimumVisualStudioVersion = 10.0.40219.1
Project("{FAE04EC0-301F-11D3-BF4B-00C04F79EFBC}") = "MindBox", "FigureService\MindBox.csproj", "{428C4AB0-AD58-4882-AF11-FEC2C470FB88}"
EndProject
Project("{FAE04EC0-301F-11D3-BF4B-00C04F79EFBC}") = "FigureServiceTest", "FigureServiceTest\FigureServiceTest.csproj", "{D9FAB58D-9EB8-45E3-AE32-DEFCDFC12C64}"
EndProject
Global
	GlobalSection(SolutionConfigurationPlatforms) = preSolution
		Debug|Any CPU = Debug|Any CPU
		Release|Any CPU = Release|Any CPU
	EndGlobalSection
	GlobalSection(SolutionProperties) = preSolution
		HideSolutionNode = FALSE
	EndGlobalSection
	GlobalSection(ProjectConfigurationPlatforms) = postSolution
		{428C4AB0-AD58-4882-AF11-FEC2C470FB88}.Debug|Any CPU.ActiveCfg = Debug|Any CPU
		{428C4AB0-AD58-4882-AF11-FEC2C470FB88}.Debug|Any CPU.Build.0 = Debug|Any CPU
		{428C4AB0-AD58-4882-AF11-FEC2C470FB88}.Release|Any CPU.ActiveCfg = Release|Any CPU
		{428C4AB0-AD58-4882-AF11-FEC2C470FB88}.Release|Any CPU.Build.0 = Release|Any CPU
		{D9FAB58D-9EB8-45E3-AE32-DEFCDFC12C64}.Debug|Any CPU.ActiveCfg = Debug|Any CPU
		{D9FAB58D-9EB8-45E3-AE32-DEFCDFC12C64}.Debug|Any CPU.Build.0 = Debug|Any CPU
		{D9FAB58D-9EB8-45E3-AE32-DEFCDFC12C64}.Release|Any CPU.ActiveCfg = Release|Any CPU
		{D9FAB58D-9EB8-45E3-AE32-DEFCDFC12C64}.Release|Any CPU.Build.0 = Release|Any CPU
	EndGlobalSection
EndGlobal
